
Microsoft Visual Studio Solution File, Format Version 12.00
# Visual Studio 15
VisualStudioVersion = 15.0.28307.572
MinimumVisualStudioVersion = 10.0.40219.1
Project("{FAE04EC0-301F-11D3-BF4B-00C04F79EFBC}") = "FAN.WebSite", "FAN.WebSite\FAN.WebSite.csproj", "{278397C4-684C-4EDC-BE3A-97F4272C1E89}"
EndProject
Project("{2150E333-8FDC-42A3-9474-1A3956D46DE8}") = "Common", "Common", "{575D4135-06A4-4F11-8E96-12A9D6AFBBFD}"
EndProject
Project("{FAE04EC0-301F-11D3-BF4B-00C04F79EFBC}") = "FAN.Helper", "FAN.Common\FAN.Helper\FAN.Helper.csproj", "{C343B1F6-5AEE-4C8E-A353-72730AB4AE00}"
EndProject
Project("{FAE04EC0-301F-11D3-BF4B-00C04F79EFBC}") = "FAN.DLLs", "FAN.Common\FAN.DLLs\FAN.DLLs.csproj", "{A3E0B9E7-F20A-42CF-B5F6-90F06AB14C6F}"
EndProject
Project("{FAE04EC0-301F-11D3-BF4B-00C04F79EFBC}") = "FAN.UrlRouting", "FAN.Common\FAN.UrlRouting\FAN.UrlRouting.csproj", "{4AF89A95-8D0F-4B3E-BD3B-B531D5512659}"
EndProject
Project("{FAE04EC0-301F-11D3-BF4B-00C04F79EFBC}") = "FAN.Nvelocity", "FAN.Common\FAN.Nvelocity\FAN.Nvelocity.csproj", "{148CD9B4-E844-4231-914E-CCA79DF95A4B}"
EndProject
Project("{FAE04EC0-301F-11D3-BF4B-00C04F79EFBC}") = "DynamicExpresso", "FAN.Common\DynamicExpresso\DynamicExpresso.csproj", "{9CA96948-18BF-4209-B23E-86DF6B1C4590}"
EndProject
Project("{FAE04EC0-301F-11D3-BF4B-00C04F79EFBC}") = "FAN.SharpZLib", "FAN.Common\FAN.SharpZLib\FAN.SharpZLib.csproj", "{A75838F4-70E1-46A4-B9B4-FEF1AAF6FED7}"
EndProject
Project("{FAE04EC0-301F-11D3-BF4B-00C04F79EFBC}") = "FAN.StaticFile", "FAN.StaticFile\FAN.StaticFile.csproj", "{B4ABE5E8-A76E-4920-B997-E85EDD131FB2}"
EndProject
Project("{FAE04EC0-301F-11D3-BF4B-00C04F79EFBC}") = "FAN.WebStyle", "FAN.Common\FAN.WebStyle\FAN.WebStyle.csproj", "{ED2D12CB-1215-4B7A-8214-05F29CED7F55}"
EndProject
Project("{FAE04EC0-301F-11D3-BF4B-00C04F79EFBC}") = "FAN.Admin", "FAN.Admin\FAN.Admin.csproj", "{57D07A97-A4FC-4C62-9CCD-B08879628DD4}"
EndProject
Project("{2150E333-8FDC-42A3-9474-1A3956D46DE8}") = "DB", "DB", "{BFA9CA3B-3B40-40D5-AC23-81A5C72CCC15}"
EndProject
Project("{FAE04EC0-301F-11D3-BF4B-00C04F79EFBC}") = "FAN.Entity", "FAN.DB\FAN.Entity\FAN.Entity.csproj", "{65325C28-9100-464D-9D18-8F50618983AA}"
EndProject
Project("{FAE04EC0-301F-11D3-BF4B-00C04F79EFBC}") = "FAN.RabbitMQ", "FAN.Common\FAN.RabbitMQ\FAN.RabbitMQ.csproj", "{6665EB94-2A19-4FFF-9561-AE1633B01DDA}"
EndProject
Project("{2150E333-8FDC-42A3-9474-1A3956D46DE8}") = "WindowsService", "WindowsService", "{46EC3ED0-2A3F-449D-B42A-9C4C882D2DB3}"
EndProject
Project("{2150E333-8FDC-42A3-9474-1A3956D46DE8}") = "SyncImage", "SyncImage", "{E9F16453-81C9-4D97-BD28-1F723A2E655A}"
EndProject
Project("{FAE04EC0-301F-11D3-BF4B-00C04F79EFBC}") = "FAN.SyncImage.Host", "FAN.WindowsService\SyncImage\FAN.SyncImage.Host\FAN.SyncImage.Host.csproj", "{E0759123-9653-44F3-A692-F0876FF7EFCC}"
EndProject
Project("{FAE04EC0-301F-11D3-BF4B-00C04F79EFBC}") = "FAN.SyncImage.Console", "FAN.WindowsService\SyncImage\FAN.SyncImage.Console\FAN.SyncImage.Console.csproj", "{6D6FACE0-741A-4A34-91A7-4556B8D02C69}"
EndProject
Project("{FAE04EC0-301F-11D3-BF4B-00C04F79EFBC}") = "FAN.FTP", "FAN.FTP\FAN.FTP.csproj", "{FFE152C3-B154-428D-BC23-2C6029DBC93B}"
EndProject
Project("{FAE04EC0-301F-11D3-BF4B-00C04F79EFBC}") = "FAN.SyncImage.Service", "FAN.WindowsService\SyncImage\FAN.SyncImage.Service\FAN.SyncImage.Service.csproj", "{364137A1-5688-4DF5-B624-C10DFAB6902E}"
EndProject
Project("{FAE04EC0-301F-11D3-BF4B-00C04F79EFBC}") = "FAN.Remoting", "FAN.Common\FAN.Remoting\FAN.Remoting.csproj", "{9C25BFFD-45EF-441C-BC58-80EAF28B352C}"
EndProject
Project("{FAE04EC0-301F-11D3-BF4B-00C04F79EFBC}") = "FAN.Model", "FAN.Common\FAN.Model\FAN.Model.csproj", "{7DF65BD8-0F73-4C38-A115-C52BD83D9344}"
EndProject
Project("{FAE04EC0-301F-11D3-BF4B-00C04F79EFBC}") = "FAN.WebMVC", "FAN.Common\FAN.WebMVC\FAN.WebMVC.csproj", "{0904F469-E83E-4EA6-B8A6-780D01EE3825}"
EndProject
Project("{FAE04EC0-301F-11D3-BF4B-00C04F79EFBC}") = "FAN.Enum", "FAN.DB\FAN.Enum\FAN.Enum.csproj", "{7BC5039C-121B-473F-8D57-07D229A1193C}"
EndProject
Project("{2150E333-8FDC-42A3-9474-1A3956D46DE8}") = "Mongo", "Mongo", "{F380CAAE-7DA8-47B0-AB0E-9B8CA4FE01F3}"
EndProject
Project("{FAE04EC0-301F-11D3-BF4B-00C04F79EFBC}") = "FAN.MongoDB", "FAN.Common\FAN.MongoDB\FAN.MongoDB.csproj", "{FABA8274-14E0-4D10-8A8F-5F8DACBECEC0}"
EndProject
Project("{2150E333-8FDC-42A3-9474-1A3956D46DE8}") = "Search", "Search", "{C605A90C-56D8-46A9-9C01-05FB5E6D1C57}"
EndProject
Project("{2150E333-8FDC-42A3-9474-1A3956D46DE8}") = "CreateIndex", "CreateIndex", "{A99C03D1-35AB-4315-B268-8422045EBA46}"
EndProject
Project("{FAE04EC0-301F-11D3-BF4B-00C04F79EFBC}") = "FAN.Search.CreateIndex.Host", "FAN.WindowsService\FAN.Search.CreateIndex.Host\FAN.Search.CreateIndex.Host.csproj", "{7E4CDDF7-7C42-47F3-B7F2-3EFEA4F05E81}"
EndProject
Project("{FAE04EC0-301F-11D3-BF4B-00C04F79EFBC}") = "FAN.Search.CreateIndex.Console", "FAN.WindowsService\FAN.Search.CreateIndex.Console\FAN.Search.CreateIndex.Console.csproj", "{F1403A3E-85B1-4E5F-838E-D4E5A2EF3475}"
EndProject
Project("{FAE04EC0-301F-11D3-BF4B-00C04F79EFBC}") = "FAN.Search.CreateIndex.Service", "FAN.WindowsService\FAN.Search.CreateIndex.Service\FAN.Search.CreateIndex.Service.csproj", "{706D4E07-C717-4FB9-8BD6-A695EFCC2037}"
EndProject
Project("{FAE04EC0-301F-11D3-BF4B-00C04F79EFBC}") = "FAN.LuceneNet", "FAN.Common\FAN.LuceneNet\FAN.LuceneNet.csproj", "{8B143A48-4A0A-43CB-8979-CA6A49CD0DB1}"
EndProject
Project("{FAE04EC0-301F-11D3-BF4B-00C04F79EFBC}") = "FAN.MongoDB.Service", "FAN.WindowsService\FAN.MongoDB.Service\FAN.MongoDB.Service.csproj", "{9660AA25-CEF4-4685-90AF-6C862901916C}"
EndProject
Project("{FAE04EC0-301F-11D3-BF4B-00C04F79EFBC}") = "FAN.MongoDB.Console", "FAN.WindowsService\FAN.MongoDB.Console\FAN.MongoDB.Console.csproj", "{E4847F36-EDD3-4603-A360-4B36E0723BEC}"
EndProject
Project("{FAE04EC0-301F-11D3-BF4B-00C04F79EFBC}") = "FAN.MongoDB.Host", "FAN.WindowsService\FAN.MongoDB.Host\FAN.MongoDB.Host.csproj", "{F9082718-25DA-4141-A922-23D53DA045F2}"
EndProject
Project("{9A19103F-16F7-4668-BE54-9A1E7A4F7556}") = "FAN.Core", "FAN.Core\FAN.Core.csproj", "{F64A41F4-FD60-4232-9F19-39AA6C3952F9}"
EndProject
Project("{2150E333-8FDC-42A3-9474-1A3956D46DE8}") = "CoreDemo", "CoreDemo", "{F9A535E8-730C-41CB-A4B2-DDF89678CF54}"
EndProject
Project("{9A19103F-16F7-4668-BE54-9A1E7A4F7556}") = "FAN.DAL", "CoreDemo\FAN.DAL\FAN.DAL.csproj", "{A36C9CAF-F4DB-48A8-9B0B-3C79C892DCFD}"
EndProject
Project("{9A19103F-16F7-4668-BE54-9A1E7A4F7556}") = "FAN.BLL", "CoreDemo\FAN.BLL\FAN.BLL.csproj", "{A4D34B92-59AF-4AD3-975D-A7D95F586855}"
EndProject
Project("{FAE04EC0-301F-11D3-BF4B-00C04F79EFBC}") = "FAN.WebAPI", "FAN.WebAPI\FAN.WebAPI.csproj", "{0E722F55-B7D8-4548-8346-E3500FB13E7F}"
EndProject
Project("{FAE04EC0-301F-11D3-BF4B-00C04F79EFBC}") = "FAN.Console", "FAN.Console\FAN.Console.csproj", "{242B2444-C0A7-4C1A-9449-F781A99DE6A8}"
EndProject
Project("{FAE04EC0-301F-11D3-BF4B-00C04F79EFBC}") = "FAN.Winform", "FAN.Winform\FAN.Winform.csproj", "{9020D382-1080-4C01-BF77-7AC0A3F10A69}"
EndProject
Project("{9A19103F-16F7-4668-BE54-9A1E7A4F7556}") = "FAN.MVCCore", "FAN.MVCCore\FAN.MVCCore.csproj", "{AA9ADD7E-D4A1-4D02-B9B4-9153206A209A}"
EndProject
Project("{9A19103F-16F7-4668-BE54-9A1E7A4F7556}") = "FAN.Core.Console", "FAN.Core.Console\FAN.Core.Console.csproj", "{01D554AB-F04F-43DD-9119-F168502CECED}"
EndProject
Project("{FAE04EC0-301F-11D3-BF4B-00C04F79EFBC}") = "WindowsService1", "WindowsService1\WindowsService1.csproj", "{60533714-59B9-4233-B1F5-5F9AA52C02EB}"
EndProject
Project("{FAE04EC0-301F-11D3-BF4B-00C04F79EFBC}") = "WebApplication1", "WebApplication1\WebApplication1.csproj", "{A409CE75-581D-4B34-885C-30E685219C98}"
EndProject
Global
	GlobalSection(SolutionConfigurationPlatforms) = preSolution
		Debug|Any CPU = Debug|Any CPU
		Release|Any CPU = Release|Any CPU
	EndGlobalSection
	GlobalSection(ProjectConfigurationPlatforms) = postSolution
		{278397C4-684C-4EDC-BE3A-97F4272C1E89}.Debug|Any CPU.ActiveCfg = Debug|Any CPU
		{278397C4-684C-4EDC-BE3A-97F4272C1E89}.Debug|Any CPU.Build.0 = Debug|Any CPU
		{278397C4-684C-4EDC-BE3A-97F4272C1E89}.Release|Any CPU.ActiveCfg = Release|Any CPU
		{278397C4-684C-4EDC-BE3A-97F4272C1E89}.Release|Any CPU.Build.0 = Release|Any CPU
		{C343B1F6-5AEE-4C8E-A353-72730AB4AE00}.Debug|Any CPU.ActiveCfg = Debug|Any CPU
		{C343B1F6-5AEE-4C8E-A353-72730AB4AE00}.Debug|Any CPU.Build.0 = Debug|Any CPU
		{C343B1F6-5AEE-4C8E-A353-72730AB4AE00}.Release|Any CPU.ActiveCfg = Release|Any CPU
		{C343B1F6-5AEE-4C8E-A353-72730AB4AE00}.Release|Any CPU.Build.0 = Release|Any CPU
		{A3E0B9E7-F20A-42CF-B5F6-90F06AB14C6F}.Debug|Any CPU.ActiveCfg = Debug|Any CPU
		{A3E0B9E7-F20A-42CF-B5F6-90F06AB14C6F}.Debug|Any CPU.Build.0 = Debug|Any CPU
		{A3E0B9E7-F20A-42CF-B5F6-90F06AB14C6F}.Release|Any CPU.ActiveCfg = Release|Any CPU
		{A3E0B9E7-F20A-42CF-B5F6-90F06AB14C6F}.Release|Any CPU.Build.0 = Release|Any CPU
		{4AF89A95-8D0F-4B3E-BD3B-B531D5512659}.Debug|Any CPU.ActiveCfg = Debug|Any CPU
		{4AF89A95-8D0F-4B3E-BD3B-B531D5512659}.Debug|Any CPU.Build.0 = Debug|Any CPU
		{4AF89A95-8D0F-4B3E-BD3B-B531D5512659}.Release|Any CPU.ActiveCfg = Release|Any CPU
		{4AF89A95-8D0F-4B3E-BD3B-B531D5512659}.Release|Any CPU.Build.0 = Release|Any CPU
		{148CD9B4-E844-4231-914E-CCA79DF95A4B}.Debug|Any CPU.ActiveCfg = Debug|Any CPU
		{148CD9B4-E844-4231-914E-CCA79DF95A4B}.Debug|Any CPU.Build.0 = Debug|Any CPU
		{148CD9B4-E844-4231-914E-CCA79DF95A4B}.Release|Any CPU.ActiveCfg = Release|Any CPU
		{148CD9B4-E844-4231-914E-CCA79DF95A4B}.Release|Any CPU.Build.0 = Release|Any CPU
		{9CA96948-18BF-4209-B23E-86DF6B1C4590}.Debug|Any CPU.ActiveCfg = Debug|Any CPU
		{9CA96948-18BF-4209-B23E-86DF6B1C4590}.Debug|Any CPU.Build.0 = Debug|Any CPU
		{9CA96948-18BF-4209-B23E-86DF6B1C4590}.Release|Any CPU.ActiveCfg = Release|Any CPU
		{9CA96948-18BF-4209-B23E-86DF6B1C4590}.Release|Any CPU.Build.0 = Release|Any CPU
		{A75838F4-70E1-46A4-B9B4-FEF1AAF6FED7}.Debug|Any CPU.ActiveCfg = Debug|Any CPU
		{A75838F4-70E1-46A4-B9B4-FEF1AAF6FED7}.Debug|Any CPU.Build.0 = Debug|Any CPU
		{A75838F4-70E1-46A4-B9B4-FEF1AAF6FED7}.Release|Any CPU.ActiveCfg = Release|Any CPU
		{A75838F4-70E1-46A4-B9B4-FEF1AAF6FED7}.Release|Any CPU.Build.0 = Release|Any CPU
		{B4ABE5E8-A76E-4920-B997-E85EDD131FB2}.Debug|Any CPU.ActiveCfg = Debug|Any CPU
		{B4ABE5E8-A76E-4920-B997-E85EDD131FB2}.Debug|Any CPU.Build.0 = Debug|Any CPU
		{B4ABE5E8-A76E-4920-B997-E85EDD131FB2}.Release|Any CPU.ActiveCfg = Release|Any CPU
		{B4ABE5E8-A76E-4920-B997-E85EDD131FB2}.Release|Any CPU.Build.0 = Release|Any CPU
		{ED2D12CB-1215-4B7A-8214-05F29CED7F55}.Debug|Any CPU.ActiveCfg = Debug|Any CPU
		{ED2D12CB-1215-4B7A-8214-05F29CED7F55}.Debug|Any CPU.Build.0 = Debug|Any CPU
		{ED2D12CB-1215-4B7A-8214-05F29CED7F55}.Release|Any CPU.ActiveCfg = Release|Any CPU
		{ED2D12CB-1215-4B7A-8214-05F29CED7F55}.Release|Any CPU.Build.0 = Release|Any CPU
		{57D07A97-A4FC-4C62-9CCD-B08879628DD4}.Debug|Any CPU.ActiveCfg = Debug|Any CPU
		{57D07A97-A4FC-4C62-9CCD-B08879628DD4}.Debug|Any CPU.Build.0 = Debug|Any CPU
		{57D07A97-A4FC-4C62-9CCD-B08879628DD4}.Release|Any CPU.ActiveCfg = Release|Any CPU
		{57D07A97-A4FC-4C62-9CCD-B08879628DD4}.Release|Any CPU.Build.0 = Release|Any CPU
		{65325C28-9100-464D-9D18-8F50618983AA}.Debug|Any CPU.ActiveCfg = Debug|Any CPU
		{65325C28-9100-464D-9D18-8F50618983AA}.Debug|Any CPU.Build.0 = Debug|Any CPU
		{65325C28-9100-464D-9D18-8F50618983AA}.Release|Any CPU.ActiveCfg = Release|Any CPU
		{65325C28-9100-464D-9D18-8F50618983AA}.Release|Any CPU.Build.0 = Release|Any CPU
		{6665EB94-2A19-4FFF-9561-AE1633B01DDA}.Debug|Any CPU.ActiveCfg = Debug|Any CPU
		{6665EB94-2A19-4FFF-9561-AE1633B01DDA}.Debug|Any CPU.Build.0 = Debug|Any CPU
		{6665EB94-2A19-4FFF-9561-AE1633B01DDA}.Release|Any CPU.ActiveCfg = Release|Any CPU
		{6665EB94-2A19-4FFF-9561-AE1633B01DDA}.Release|Any CPU.Build.0 = Release|Any CPU
		{E0759123-9653-44F3-A692-F0876FF7EFCC}.Debug|Any CPU.ActiveCfg = Debug|Any CPU
		{E0759123-9653-44F3-A692-F0876FF7EFCC}.Debug|Any CPU.Build.0 = Debug|Any CPU
		{E0759123-9653-44F3-A692-F0876FF7EFCC}.Release|Any CPU.ActiveCfg = Release|Any CPU
		{E0759123-9653-44F3-A692-F0876FF7EFCC}.Release|Any CPU.Build.0 = Release|Any CPU
		{6D6FACE0-741A-4A34-91A7-4556B8D02C69}.Debug|Any CPU.ActiveCfg = Debug|Any CPU
		{6D6FACE0-741A-4A34-91A7-4556B8D02C69}.Debug|Any CPU.Build.0 = Debug|Any CPU
		{6D6FACE0-741A-4A34-91A7-4556B8D02C69}.Release|Any CPU.ActiveCfg = Release|Any CPU
		{6D6FACE0-741A-4A34-91A7-4556B8D02C69}.Release|Any CPU.Build.0 = Release|Any CPU
		{FFE152C3-B154-428D-BC23-2C6029DBC93B}.Debug|Any CPU.ActiveCfg = Debug|Any CPU
		{FFE152C3-B154-428D-BC23-2C6029DBC93B}.Debug|Any CPU.Build.0 = Debug|Any CPU
		{FFE152C3-B154-428D-BC23-2C6029DBC93B}.Release|Any CPU.ActiveCfg = Release|Any CPU
		{FFE152C3-B154-428D-BC23-2C6029DBC93B}.Release|Any CPU.Build.0 = Release|Any CPU
		{364137A1-5688-4DF5-B624-C10DFAB6902E}.Debug|Any CPU.ActiveCfg = Debug|Any CPU
		{364137A1-5688-4DF5-B624-C10DFAB6902E}.Debug|Any CPU.Build.0 = Debug|Any CPU
		{364137A1-5688-4DF5-B624-C10DFAB6902E}.Release|Any CPU.ActiveCfg = Release|Any CPU
		{364137A1-5688-4DF5-B624-C10DFAB6902E}.Release|Any CPU.Build.0 = Release|Any CPU
		{9C25BFFD-45EF-441C-BC58-80EAF28B352C}.Debug|Any CPU.ActiveCfg = Debug|Any CPU
		{9C25BFFD-45EF-441C-BC58-80EAF28B352C}.Debug|Any CPU.Build.0 = Debug|Any CPU
		{9C25BFFD-45EF-441C-BC58-80EAF28B352C}.Release|Any CPU.ActiveCfg = Release|Any CPU
		{9C25BFFD-45EF-441C-BC58-80EAF28B352C}.Release|Any CPU.Build.0 = Release|Any CPU
		{7DF65BD8-0F73-4C38-A115-C52BD83D9344}.Debug|Any CPU.ActiveCfg = Debug|Any CPU
		{7DF65BD8-0F73-4C38-A115-C52BD83D9344}.Debug|Any CPU.Build.0 = Debug|Any CPU
		{7DF65BD8-0F73-4C38-A115-C52BD83D9344}.Release|Any CPU.ActiveCfg = Release|Any CPU
		{7DF65BD8-0F73-4C38-A115-C52BD83D9344}.Release|Any CPU.Build.0 = Release|Any CPU
		{0904F469-E83E-4EA6-B8A6-780D01EE3825}.Debug|Any CPU.ActiveCfg = Debug|Any CPU
		{0904F469-E83E-4EA6-B8A6-780D01EE3825}.Debug|Any CPU.Build.0 = Debug|Any CPU
		{0904F469-E83E-4EA6-B8A6-780D01EE3825}.Release|Any CPU.ActiveCfg = Release|Any CPU
		{0904F469-E83E-4EA6-B8A6-780D01EE3825}.Release|Any CPU.Build.0 = Release|Any CPU
		{7BC5039C-121B-473F-8D57-07D229A1193C}.Debug|Any CPU.ActiveCfg = Debug|Any CPU
		{7BC5039C-121B-473F-8D57-07D229A1193C}.Debug|Any CPU.Build.0 = Debug|Any CPU
		{7BC5039C-121B-473F-8D57-07D229A1193C}.Release|Any CPU.ActiveCfg = Release|Any CPU
		{7BC5039C-121B-473F-8D57-07D229A1193C}.Release|Any CPU.Build.0 = Release|Any CPU
		{FABA8274-14E0-4D10-8A8F-5F8DACBECEC0}.Debug|Any CPU.ActiveCfg = Debug|Any CPU
		{FABA8274-14E0-4D10-8A8F-5F8DACBECEC0}.Debug|Any CPU.Build.0 = Debug|Any CPU
		{FABA8274-14E0-4D10-8A8F-5F8DACBECEC0}.Release|Any CPU.ActiveCfg = Release|Any CPU
		{FABA8274-14E0-4D10-8A8F-5F8DACBECEC0}.Release|Any CPU.Build.0 = Release|Any CPU
		{7E4CDDF7-7C42-47F3-B7F2-3EFEA4F05E81}.Debug|Any CPU.ActiveCfg = Debug|Any CPU
		{7E4CDDF7-7C42-47F3-B7F2-3EFEA4F05E81}.Debug|Any CPU.Build.0 = Debug|Any CPU
		{7E4CDDF7-7C42-47F3-B7F2-3EFEA4F05E81}.Release|Any CPU.ActiveCfg = Release|Any CPU
		{7E4CDDF7-7C42-47F3-B7F2-3EFEA4F05E81}.Release|Any CPU.Build.0 = Release|Any CPU
		{F1403A3E-85B1-4E5F-838E-D4E5A2EF3475}.Debug|Any CPU.ActiveCfg = Debug|Any CPU
		{F1403A3E-85B1-4E5F-838E-D4E5A2EF3475}.Debug|Any CPU.Build.0 = Debug|Any CPU
		{F1403A3E-85B1-4E5F-838E-D4E5A2EF3475}.Release|Any CPU.ActiveCfg = Release|Any CPU
		{F1403A3E-85B1-4E5F-838E-D4E5A2EF3475}.Release|Any CPU.Build.0 = Release|Any CPU
		{706D4E07-C717-4FB9-8BD6-A695EFCC2037}.Debug|Any CPU.ActiveCfg = Debug|Any CPU
		{706D4E07-C717-4FB9-8BD6-A695EFCC2037}.Debug|Any CPU.Build.0 = Debug|Any CPU
		{706D4E07-C717-4FB9-8BD6-A695EFCC2037}.Release|Any CPU.ActiveCfg = Release|Any CPU
		{706D4E07-C717-4FB9-8BD6-A695EFCC2037}.Release|Any CPU.Build.0 = Release|Any CPU
		{8B143A48-4A0A-43CB-8979-CA6A49CD0DB1}.Debug|Any CPU.ActiveCfg = Debug|Any CPU
		{8B143A48-4A0A-43CB-8979-CA6A49CD0DB1}.Debug|Any CPU.Build.0 = Debug|Any CPU
		{8B143A48-4A0A-43CB-8979-CA6A49CD0DB1}.Release|Any CPU.ActiveCfg = Release|Any CPU
		{8B143A48-4A0A-43CB-8979-CA6A49CD0DB1}.Release|Any CPU.Build.0 = Release|Any CPU
		{9660AA25-CEF4-4685-90AF-6C862901916C}.Debug|Any CPU.ActiveCfg = Debug|Any CPU
		{9660AA25-CEF4-4685-90AF-6C862901916C}.Debug|Any CPU.Build.0 = Debug|Any CPU
		{9660AA25-CEF4-4685-90AF-6C862901916C}.Release|Any CPU.ActiveCfg = Release|Any CPU
		{9660AA25-CEF4-4685-90AF-6C862901916C}.Release|Any CPU.Build.0 = Release|Any CPU
		{E4847F36-EDD3-4603-A360-4B36E0723BEC}.Debug|Any CPU.ActiveCfg = Debug|Any CPU
		{E4847F36-EDD3-4603-A360-4B36E0723BEC}.Debug|Any CPU.Build.0 = Debug|Any CPU
		{E4847F36-EDD3-4603-A360-4B36E0723BEC}.Release|Any CPU.ActiveCfg = Release|Any CPU
		{E4847F36-EDD3-4603-A360-4B36E0723BEC}.Release|Any CPU.Build.0 = Release|Any CPU
		{F9082718-25DA-4141-A922-23D53DA045F2}.Debug|Any CPU.ActiveCfg = Debug|Any CPU
		{F9082718-25DA-4141-A922-23D53DA045F2}.Debug|Any CPU.Build.0 = Debug|Any CPU
		{F9082718-25DA-4141-A922-23D53DA045F2}.Release|Any CPU.ActiveCfg = Release|Any CPU
		{F9082718-25DA-4141-A922-23D53DA045F2}.Release|Any CPU.Build.0 = Release|Any CPU
		{F64A41F4-FD60-4232-9F19-39AA6C3952F9}.Debug|Any CPU.ActiveCfg = Debug|Any CPU
		{F64A41F4-FD60-4232-9F19-39AA6C3952F9}.Debug|Any CPU.Build.0 = Debug|Any CPU
		{F64A41F4-FD60-4232-9F19-39AA6C3952F9}.Release|Any CPU.ActiveCfg = Release|Any CPU
		{F64A41F4-FD60-4232-9F19-39AA6C3952F9}.Release|Any CPU.Build.0 = Release|Any CPU
		{A36C9CAF-F4DB-48A8-9B0B-3C79C892DCFD}.Debug|Any CPU.ActiveCfg = Debug|Any CPU
		{A36C9CAF-F4DB-48A8-9B0B-3C79C892DCFD}.Debug|Any CPU.Build.0 = Debug|Any CPU
		{A36C9CAF-F4DB-48A8-9B0B-3C79C892DCFD}.Release|Any CPU.ActiveCfg = Release|Any CPU
		{A36C9CAF-F4DB-48A8-9B0B-3C79C892DCFD}.Release|Any CPU.Build.0 = Release|Any CPU
		{A4D34B92-59AF-4AD3-975D-A7D95F586855}.Debug|Any CPU.ActiveCfg = Debug|Any CPU
		{A4D34B92-59AF-4AD3-975D-A7D95F586855}.Debug|Any CPU.Build.0 = Debug|Any CPU
		{A4D34B92-59AF-4AD3-975D-A7D95F586855}.Release|Any CPU.ActiveCfg = Release|Any CPU
		{A4D34B92-59AF-4AD3-975D-A7D95F586855}.Release|Any CPU.Build.0 = Release|Any CPU
		{0E722F55-B7D8-4548-8346-E3500FB13E7F}.Debug|Any CPU.ActiveCfg = Debug|Any CPU
		{0E722F55-B7D8-4548-8346-E3500FB13E7F}.Debug|Any CPU.Build.0 = Debug|Any CPU
		{0E722F55-B7D8-4548-8346-E3500FB13E7F}.Release|Any CPU.ActiveCfg = Release|Any CPU
		{0E722F55-B7D8-4548-8346-E3500FB13E7F}.Release|Any CPU.Build.0 = Release|Any CPU
		{242B2444-C0A7-4C1A-9449-F781A99DE6A8}.Debug|Any CPU.ActiveCfg = Debug|Any CPU
		{242B2444-C0A7-4C1A-9449-F781A99DE6A8}.Debug|Any CPU.Build.0 = Debug|Any CPU
		{242B2444-C0A7-4C1A-9449-F781A99DE6A8}.Release|Any CPU.ActiveCfg = Release|Any CPU
		{242B2444-C0A7-4C1A-9449-F781A99DE6A8}.Release|Any CPU.Build.0 = Release|Any CPU
		{9020D382-1080-4C01-BF77-7AC0A3F10A69}.Debug|Any CPU.ActiveCfg = Debug|Any CPU
		{9020D382-1080-4C01-BF77-7AC0A3F10A69}.Debug|Any CPU.Build.0 = Debug|Any CPU
		{9020D382-1080-4C01-BF77-7AC0A3F10A69}.Release|Any CPU.ActiveCfg = Release|Any CPU
		{9020D382-1080-4C01-BF77-7AC0A3F10A69}.Release|Any CPU.Build.0 = Release|Any CPU
		{AA9ADD7E-D4A1-4D02-B9B4-9153206A209A}.Debug|Any CPU.ActiveCfg = Debug|Any CPU
		{AA9ADD7E-D4A1-4D02-B9B4-9153206A209A}.Debug|Any CPU.Build.0 = Debug|Any CPU
		{AA9ADD7E-D4A1-4D02-B9B4-9153206A209A}.Release|Any CPU.ActiveCfg = Release|Any CPU
		{AA9ADD7E-D4A1-4D02-B9B4-9153206A209A}.Release|Any CPU.Build.0 = Release|Any CPU
		{01D554AB-F04F-43DD-9119-F168502CECED}.Debug|Any CPU.ActiveCfg = Debug|Any CPU
		{01D554AB-F04F-43DD-9119-F168502CECED}.Debug|Any CPU.Build.0 = Debug|Any CPU
		{01D554AB-F04F-43DD-9119-F168502CECED}.Release|Any CPU.ActiveCfg = Release|Any CPU
		{01D554AB-F04F-43DD-9119-F168502CECED}.Release|Any CPU.Build.0 = Release|Any CPU
		{60533714-59B9-4233-B1F5-5F9AA52C02EB}.Debug|Any CPU.ActiveCfg = Debug|Any CPU
		{60533714-59B9-4233-B1F5-5F9AA52C02EB}.Debug|Any CPU.Build.0 = Debug|Any CPU
		{60533714-59B9-4233-B1F5-5F9AA52C02EB}.Release|Any CPU.ActiveCfg = Release|Any CPU
		{60533714-59B9-4233-B1F5-5F9AA52C02EB}.Release|Any CPU.Build.0 = Release|Any CPU
		{A409CE75-581D-4B34-885C-30E685219C98}.Debug|Any CPU.ActiveCfg = Debug|Any CPU
		{A409CE75-581D-4B34-885C-30E685219C98}.Debug|Any CPU.Build.0 = Debug|Any CPU
		{A409CE75-581D-4B34-885C-30E685219C98}.Release|Any CPU.ActiveCfg = Release|Any CPU
		{A409CE75-581D-4B34-885C-30E685219C98}.Release|Any CPU.Build.0 = Release|Any CPU
	EndGlobalSection
	GlobalSection(SolutionProperties) = preSolution
		HideSolutionNode = FALSE
	EndGlobalSection
	GlobalSection(NestedProjects) = preSolution
		{C343B1F6-5AEE-4C8E-A353-72730AB4AE00} = {575D4135-06A4-4F11-8E96-12A9D6AFBBFD}
		{A3E0B9E7-F20A-42CF-B5F6-90F06AB14C6F} = {575D4135-06A4-4F11-8E96-12A9D6AFBBFD}
		{4AF89A95-8D0F-4B3E-BD3B-B531D5512659} = {575D4135-06A4-4F11-8E96-12A9D6AFBBFD}
		{148CD9B4-E844-4231-914E-CCA79DF95A4B} = {575D4135-06A4-4F11-8E96-12A9D6AFBBFD}
		{9CA96948-18BF-4209-B23E-86DF6B1C4590} = {575D4135-06A4-4F11-8E96-12A9D6AFBBFD}
		{A75838F4-70E1-46A4-B9B4-FEF1AAF6FED7} = {575D4135-06A4-4F11-8E96-12A9D6AFBBFD}
		{ED2D12CB-1215-4B7A-8214-05F29CED7F55} = {575D4135-06A4-4F11-8E96-12A9D6AFBBFD}
		{65325C28-9100-464D-9D18-8F50618983AA} = {BFA9CA3B-3B40-40D5-AC23-81A5C72CCC15}
		{6665EB94-2A19-4FFF-9561-AE1633B01DDA} = {575D4135-06A4-4F11-8E96-12A9D6AFBBFD}
		{E9F16453-81C9-4D97-BD28-1F723A2E655A} = {46EC3ED0-2A3F-449D-B42A-9C4C882D2DB3}
		{E0759123-9653-44F3-A692-F0876FF7EFCC} = {E9F16453-81C9-4D97-BD28-1F723A2E655A}
		{6D6FACE0-741A-4A34-91A7-4556B8D02C69} = {E9F16453-81C9-4D97-BD28-1F723A2E655A}
		{FFE152C3-B154-428D-BC23-2C6029DBC93B} = {575D4135-06A4-4F11-8E96-12A9D6AFBBFD}
		{364137A1-5688-4DF5-B624-C10DFAB6902E} = {E9F16453-81C9-4D97-BD28-1F723A2E655A}
		{9C25BFFD-45EF-441C-BC58-80EAF28B352C} = {575D4135-06A4-4F11-8E96-12A9D6AFBBFD}
		{7DF65BD8-0F73-4C38-A115-C52BD83D9344} = {575D4135-06A4-4F11-8E96-12A9D6AFBBFD}
		{0904F469-E83E-4EA6-B8A6-780D01EE3825} = {575D4135-06A4-4F11-8E96-12A9D6AFBBFD}
		{7BC5039C-121B-473F-8D57-07D229A1193C} = {BFA9CA3B-3B40-40D5-AC23-81A5C72CCC15}
		{F380CAAE-7DA8-47B0-AB0E-9B8CA4FE01F3} = {46EC3ED0-2A3F-449D-B42A-9C4C882D2DB3}
		{FABA8274-14E0-4D10-8A8F-5F8DACBECEC0} = {575D4135-06A4-4F11-8E96-12A9D6AFBBFD}
		{C605A90C-56D8-46A9-9C01-05FB5E6D1C57} = {46EC3ED0-2A3F-449D-B42A-9C4C882D2DB3}
		{A99C03D1-35AB-4315-B268-8422045EBA46} = {C605A90C-56D8-46A9-9C01-05FB5E6D1C57}
		{7E4CDDF7-7C42-47F3-B7F2-3EFEA4F05E81} = {A99C03D1-35AB-4315-B268-8422045EBA46}
		{F1403A3E-85B1-4E5F-838E-D4E5A2EF3475} = {A99C03D1-35AB-4315-B268-8422045EBA46}
		{706D4E07-C717-4FB9-8BD6-A695EFCC2037} = {A99C03D1-35AB-4315-B268-8422045EBA46}
		{8B143A48-4A0A-43CB-8979-CA6A49CD0DB1} = {575D4135-06A4-4F11-8E96-12A9D6AFBBFD}
		{9660AA25-CEF4-4685-90AF-6C862901916C} = {F380CAAE-7DA8-47B0-AB0E-9B8CA4FE01F3}
		{E4847F36-EDD3-4603-A360-4B36E0723BEC} = {F380CAAE-7DA8-47B0-AB0E-9B8CA4FE01F3}
		{F9082718-25DA-4141-A922-23D53DA045F2} = {F380CAAE-7DA8-47B0-AB0E-9B8CA4FE01F3}
		{F64A41F4-FD60-4232-9F19-39AA6C3952F9} = {F9A535E8-730C-41CB-A4B2-DDF89678CF54}
		{A36C9CAF-F4DB-48A8-9B0B-3C79C892DCFD} = {F9A535E8-730C-41CB-A4B2-DDF89678CF54}
		{A4D34B92-59AF-4AD3-975D-A7D95F586855} = {F9A535E8-730C-41CB-A4B2-DDF89678CF54}
		{AA9ADD7E-D4A1-4D02-B9B4-9153206A209A} = {F9A535E8-730C-41CB-A4B2-DDF89678CF54}
		{60533714-59B9-4233-B1F5-5F9AA52C02EB} = {E9F16453-81C9-4D97-BD28-1F723A2E655A}
		{A409CE75-581D-4B34-885C-30E685219C98} = {F9A535E8-730C-41CB-A4B2-DDF89678CF54}
	EndGlobalSection
	GlobalSection(ExtensibilityGlobals) = postSolution
		SolutionGuid = {576E5A5B-9F84-4F56-A7DF-46E49BC3916E}
	EndGlobalSection
EndGlobal
